
Microsoft Visual Studio Solution File, Format Version 12.00
# Visual Studio Version 17
VisualStudioVersion = 17.4.33205.214
MinimumVisualStudioVersion = 10.0.40219.1
Project("{FAE04EC0-301F-11D3-BF4B-00C04F79EFBC}") = "EasyChallenge", "EasyChallenge\EasyChallenge.csproj", "{F20E177B-8411-49AA-AF67-250FC629F797}"
EndProject
Project("{FAE04EC0-301F-11D3-BF4B-00C04F79EFBC}") = "StandardFizzBuzz", "StandardFizzBuzz\StandardFizzBuzz.csproj", "{AE114D4F-2EF0-4E6A-B8F7-1F948E0F50DB}"
EndProject
Project("{FAE04EC0-301F-11D3-BF4B-00C04F79EFBC}") = "Requirement3", "Requirement3\Requirement3.csproj", "{A920FE8D-4A7E-47A7-A164-565A12F81099}"
EndProject
Global
	GlobalSection(SolutionConfigurationPlatforms) = preSolution
		Debug|Any CPU = Debug|Any CPU
		Release|Any CPU = Release|Any CPU
	EndGlobalSection
	GlobalSection(ProjectConfigurationPlatforms) = postSolution
		{F20E177B-8411-49AA-AF67-250FC629F797}.Debug|Any CPU.ActiveCfg = Debug|Any CPU
		{F20E177B-8411-49AA-AF67-250FC629F797}.Debug|Any CPU.Build.0 = Debug|Any CPU
		{F20E177B-8411-49AA-AF67-250FC629F797}.Release|Any CPU.ActiveCfg = Release|Any CPU
		{F20E177B-8411-49AA-AF67-250FC629F797}.Release|Any CPU.Build.0 = Release|Any CPU
		{AE114D4F-2EF0-4E6A-B8F7-1F948E0F50DB}.Debug|Any CPU.ActiveCfg = Debug|Any CPU
		{AE114D4F-2EF0-4E6A-B8F7-1F948E0F50DB}.Debug|Any CPU.Build.0 = Debug|Any CPU
		{AE114D4F-2EF0-4E6A-B8F7-1F948E0F50DB}.Release|Any CPU.ActiveCfg = Release|Any CPU
		{AE114D4F-2EF0-4E6A-B8F7-1F948E0F50DB}.Release|Any CPU.Build.0 = Release|Any CPU
		{A920FE8D-4A7E-47A7-A164-565A12F81099}.Debug|Any CPU.ActiveCfg = Debug|Any CPU
		{A920FE8D-4A7E-47A7-A164-565A12F81099}.Debug|Any CPU.Build.0 = Debug|Any CPU
		{A920FE8D-4A7E-47A7-A164-565A12F81099}.Release|Any CPU.ActiveCfg = Release|Any CPU
		{A920FE8D-4A7E-47A7-A164-565A12F81099}.Release|Any CPU.Build.0 = Release|Any CPU
	EndGlobalSection
	GlobalSection(SolutionProperties) = preSolution
		HideSolutionNode = FALSE
	EndGlobalSection
	GlobalSection(ExtensibilityGlobals) = postSolution
		SolutionGuid = {3DF95C75-3D03-48A1-9CE3-4BE965BFDB0D}
	EndGlobalSection
EndGlobal
